PODS:
  - Alamofire (5.1.0)
  - ObjectMapper (3.5.2)
  - "ObjectMapper+Realm (1.0)":
    - ObjectMapper
    - RealmSwift
  - Realm (4.4.1):
    - Realm/Headers (= 4.4.1)
  - Realm/Headers (4.4.1)
  - RealmSwift (4.4.1):
    - Realm (= 4.4.1)

DEPENDENCIES:
  - Alamofire
  - ObjectMapper
  - "ObjectMapper+Realm"
  - RealmSwift

SPEC REPOS:
  trunk:
    - Alamofire
    - ObjectMapper
    - "ObjectMapper+Realm"
    - Realm
    - RealmSwift

SPEC CHECKSUMS:
  Alamofire: 9d5c5f602928e512395b30950c5984eca840093c
  ObjectMapper: b53ae947d370bf89423e86be7d4e2d2b2a8d3f40
  "ObjectMapper+Realm": bd713d57132bf05880a656695137764692f7d2bb
  Realm: 4eb04d7487bd43c0581256f40b424eafb711deff
  RealmSwift: 3eb8924ff7100df5928c7602f71d0fec51e7c9c5

PODFILE CHECKSUM: 9feaa7abc173231d098daf98da3e6849d03685fd

COCOAPODS: 1.8.4
