// !$*UTF8*$!
{
	archiveVersion = 1;
	classes = {
	};
	objectVersion = 51;
	objects = {

/* Begin PBXBuildFile section */
		5533B8F60EDF94B9314012E0 /* Pods_TestApp.framework in Frameworks */ = {isa = PBXBuildFile; fileRef = B1A234C829BB3B6AACA29D86 /* Pods_TestApp.framework */; };
		8419A80E24473E4900F580E5 /* AppDelegate.swift in Sources */ = {isa = PBXBuildFile; fileRef = 8419A80D24473E4900F580E5 /* AppDelegate.swift */; };
		8419A81224473E4900F580E5 /* SourceListViewController.swift in Sources */ = {isa = PBXBuildFile; fileRef = 8419A81124473E4900F580E5 /* SourceListViewController.swift */; };
		8419A81724473E4900F580E5 /* Main.storyboard in Resources */ = {isa = PBXBuildFile; fileRef = 8419A81524473E4900F580E5 /* Main.storyboard */; };
		8419A81924473E4D00F580E5 /* Assets.xcassets in Resources */ = {isa = PBXBuildFile; fileRef = 8419A81824473E4D00F580E5 /* Assets.xcassets */; };
		8419A81C24473E4D00F580E5 /* LaunchScreen.storyboard in Resources */ = {isa = PBXBuildFile; fileRef = 8419A81A24473E4D00F580E5 /* LaunchScreen.storyboard */; };
		8419A82724473E4D00F580E5 /* TestAppTests.swift in Sources */ = {isa = PBXBuildFile; fileRef = 8419A82624473E4D00F580E5 /* TestAppTests.swift */; };
		8419A8332447653300F580E5 /* APIRouter.swift in Sources */ = {isa = PBXBuildFile; fileRef = 8419A8322447653300F580E5 /* APIRouter.swift */; };
		8419A835244767C400F580E5 /* Consts.swift in Sources */ = {isa = PBXBuildFile; fileRef = 8419A834244767C300F580E5 /* Consts.swift */; };
		8419A83924477F5A00F580E5 /* APIClient.swift in Sources */ = {isa = PBXBuildFile; fileRef = 8419A83824477F5A00F580E5 /* APIClient.swift */; };
		8419A83E2448723A00F580E5 /* EverythingEndPoint.swift in Sources */ = {isa = PBXBuildFile; fileRef = 8419A83D2448723A00F580E5 /* EverythingEndPoint.swift */; };
		8419A8402448737F00F580E5 /* SourcesEndPoint.swift in Sources */ = {isa = PBXBuildFile; fileRef = 8419A83F2448737F00F580E5 /* SourcesEndPoint.swift */; };
		8419A8432449C6C000F580E5 /* Source.swift in Sources */ = {isa = PBXBuildFile; fileRef = 8419A8422449C6C000F580E5 /* Source.swift */; };
		84212DEB245044CC004BED01 /* SearchScreenViewController.swift in Sources */ = {isa = PBXBuildFile; fileRef = 84212DEA245044CC004BED01 /* SearchScreenViewController.swift */; };
		84212DED245074BC004BED01 /* NewsCollectionCell.swift in Sources */ = {isa = PBXBuildFile; fileRef = 84212DEC245074BC004BED01 /* NewsCollectionCell.swift */; };
		84212DEF245074CC004BED01 /* NewsCollectionCell.xib in Resources */ = {isa = PBXBuildFile; fileRef = 84212DEE245074CC004BED01 /* NewsCollectionCell.xib */; };
		84212DF124507E2E004BED01 /* News.swift in Sources */ = {isa = PBXBuildFile; fileRef = 84212DF024507E2E004BED01 /* News.swift */; };
		84212DF324508539004BED01 /* SearchScreenAdapter.swift in Sources */ = {isa = PBXBuildFile; fileRef = 84212DF224508539004BED01 /* SearchScreenAdapter.swift */; };
		84212DF72450980F004BED01 /* NewsCollectionViewLayout.swift in Sources */ = {isa = PBXBuildFile; fileRef = 84212DF62450980F004BED01 /* NewsCollectionViewLayout.swift */; };
		8462D391245216E40089DDC8 /* SourceListAssembly.swift in Sources */ = {isa = PBXBuildFile; fileRef = 8462D390245216E40089DDC8 /* SourceListAssembly.swift */; };
		8462D393245219C50089DDC8 /* SourceListModuleIO.swift in Sources */ = {isa = PBXBuildFile; fileRef = 8462D392245219C50089DDC8 /* SourceListModuleIO.swift */; };
		8462D39524521B2B0089DDC8 /* SourceListPresenter.swift in Sources */ = {isa = PBXBuildFile; fileRef = 8462D39424521B2B0089DDC8 /* SourceListPresenter.swift */; };
		8462D3972452F06C0089DDC8 /* SourceListViewIO.swift in Sources */ = {isa = PBXBuildFile; fileRef = 8462D3962452F06C0089DDC8 /* SourceListViewIO.swift */; };
		8462D39B24534DC80089DDC8 /* Routable.swift in Sources */ = {isa = PBXBuildFile; fileRef = 8462D39A24534DC80089DDC8 /* Routable.swift */; };
		8462D39D24534DE80089DDC8 /* Presentable.swift in Sources */ = {isa = PBXBuildFile; fileRef = 8462D39C24534DE80089DDC8 /* Presentable.swift */; };
		8462D39F24534E2B0089DDC8 /* AppRouter.swift in Sources */ = {isa = PBXBuildFile; fileRef = 8462D39E24534E2B0089DDC8 /* AppRouter.swift */; };
		8462D3A124534E7C0089DDC8 /* CommonTypealias.swift in Sources */ = {isa = PBXBuildFile; fileRef = 8462D3A024534E7C0089DDC8 /* CommonTypealias.swift */; };
		8462D3A5245352280089DDC8 /* SearchStoryboard.storyboard in Resources */ = {isa = PBXBuildFile; fileRef = 8462D3A4245352280089DDC8 /* SearchStoryboard.storyboard */; };
		8462D3A9245368F90089DDC8 /* SourceListStoryboard.storyboard in Resources */ = {isa = PBXBuildFile; fileRef = 8462D3A8245368F90089DDC8 /* SourceListStoryboard.storyboard */; };
		8462D3AC245461270089DDC8 /* CommonCoordinator.swift in Sources */ = {isa = PBXBuildFile; fileRef = 8462D3AB245461270089DDC8 /* CommonCoordinator.swift */; };
		8462D3AE245463430089DDC8 /* SourceListCoodinator.swift in Sources */ = {isa = PBXBuildFile; fileRef = 8462D3AD245463430089DDC8 /* SourceListCoodinator.swift */; };
		8462D3B0245465080089DDC8 /* Coordinatble.swift in Sources */ = {isa = PBXBuildFile; fileRef = 8462D3AF245465080089DDC8 /* Coordinatble.swift */; };
		8462D3B424548A560089DDC8 /* TabbarCoordinator.swift in Sources */ = {isa = PBXBuildFile; fileRef = 8462D3B324548A560089DDC8 /* TabbarCoordinator.swift */; };
		8462D3BC2456FB2E0089DDC8 /* SearchScreenAssembly.swift in Sources */ = {isa = PBXBuildFile; fileRef = 8462D3BB2456FB2E0089DDC8 /* SearchScreenAssembly.swift */; };
		8462D3BE2456FB540089DDC8 /* SearchScreenModuleIO.swift in Sources */ = {isa = PBXBuildFile; fileRef = 8462D3BD2456FB540089DDC8 /* SearchScreenModuleIO.swift */; };
		8462D3C02456FB620089DDC8 /* SearchScreenPresenter.swift in Sources */ = {isa = PBXBuildFile; fileRef = 8462D3BF2456FB620089DDC8 /* SearchScreenPresenter.swift */; };
		8462D3C22456FC110089DDC8 /* SearchListViewIO.swift in Sources */ = {isa = PBXBuildFile; fileRef = 8462D3C12456FC110089DDC8 /* SearchListViewIO.swift */; };
		8462D3C424572AF90089DDC8 /* SearchScreenCoordinator.swift in Sources */ = {isa = PBXBuildFile; fileRef = 8462D3C324572AF90089DDC8 /* SearchScreenCoordinator.swift */; };
		8462D3C624581D370089DDC8 /* FavouriteSourceListAdapter.swift in Sources */ = {isa = PBXBuildFile; fileRef = 8462D3C524581D360089DDC8 /* FavouriteSourceListAdapter.swift */; };
		8462D3CB2459D8940089DDC8 /* Finishable.swift in Sources */ = {isa = PBXBuildFile; fileRef = 8462D3CA2459D8930089DDC8 /* Finishable.swift */; };
		8462D3D1245ADC560089DDC8 /* NewsListAssembly.swift in Sources */ = {isa = PBXBuildFile; fileRef = 8462D3D0245ADC560089DDC8 /* NewsListAssembly.swift */; };
		8462D3D3245ADC700089DDC8 /* NewsListModuleIO.swift in Sources */ = {isa = PBXBuildFile; fileRef = 8462D3D2245ADC700089DDC8 /* NewsListModuleIO.swift */; };
		8462D3D5245ADC800089DDC8 /* NewsListPresenter.swift in Sources */ = {isa = PBXBuildFile; fileRef = 8462D3D4245ADC800089DDC8 /* NewsListPresenter.swift */; };
		8462D3D7245ADCB30089DDC8 /* NewsListViewControlller.swift in Sources */ = {isa = PBXBuildFile; fileRef = 8462D3D6245ADCB30089DDC8 /* NewsListViewControlller.swift */; };
		8462D3D9245ADCDF0089DDC8 /* NewsListAdapter.swift in Sources */ = {isa = PBXBuildFile; fileRef = 8462D3D8245ADCDF0089DDC8 /* NewsListAdapter.swift */; };
		8462D3DB245ADCF90089DDC8 /* NewsListViewIO.swift in Sources */ = {isa = PBXBuildFile; fileRef = 8462D3DA245ADCF90089DDC8 /* NewsListViewIO.swift */; };
		8462D3DD245ADD110089DDC8 /* NewsListStoryboard.storyboard in Resources */ = {isa = PBXBuildFile; fileRef = 8462D3DC245ADD110089DDC8 /* NewsListStoryboard.storyboard */; };
		8462D3E1245B25670089DDC8 /* FavouriteSourceListViewController.swift in Sources */ = {isa = PBXBuildFile; fileRef = 8462D3E0245B25670089DDC8 /* FavouriteSourceListViewController.swift */; };
		8462D3E6245B30A10089DDC8 /* FavouriteSourcesListStoryboard.storyboard in Resources */ = {isa = PBXBuildFile; fileRef = 8462D3E5245B30A10089DDC8 /* FavouriteSourcesListStoryboard.storyboard */; };
		848D1FBF244B39A4001E4CF8 /* DataService.swift in Sources */ = {isa = PBXBuildFile; fileRef = 848D1FBE244B39A4001E4CF8 /* DataService.swift */; };
		848D1FC2244DC0F1001E4CF8 /* SourceCell.swift in Sources */ = {isa = PBXBuildFile; fileRef = 848D1FC1244DC0F1001E4CF8 /* SourceCell.swift */; };
		848D1FC4244DC100001E4CF8 /* SourceCell.xib in Resources */ = {isa = PBXBuildFile; fileRef = 848D1FC3244DC100001E4CF8 /* SourceCell.xib */; };
		848D1FC7244DCEC3001E4CF8 /* SourceListAdapter.swift in Sources */ = {isa = PBXBuildFile; fileRef = 848D1FC6244DCEC3001E4CF8 /* SourceListAdapter.swift */; };
/* End PBXBuildFile section */

/* Begin PBXContainerItemProxy section */
		8419A82324473E4D00F580E5 /* PBXContainerItemProxy */ = {
			isa = PBXContainerItemProxy;
			containerPortal = 8419A80224473E4900F580E5 /* Project object */;
			proxyType = 1;
			remoteGlobalIDString = 8419A80924473E4900F580E5;
			remoteInfo = TestApp;
		};
/* End PBXContainerItemProxy section */

/* Begin PBXFileReference section */
		7D4137B8F91AF58657F9E920 /* Pods-TestApp.release.xcconfig */ = {isa = PBXFileReference; includeInIndex = 1; lastKnownFileType = text.xcconfig; name = "Pods-TestApp.release.xcconfig"; path = "Target Support Files/Pods-TestApp/Pods-TestApp.release.xcconfig"; sourceTree = "<group>"; };
		8419A80A24473E4900F580E5 /* TestApp.app */ = {isa = PBXFileReference; explicitFileType = wrapper.application; includeInIndex = 0; path = TestApp.app; sourceTree = BUILT_PRODUCTS_DIR; };
		8419A80D24473E4900F580E5 /* AppDelegate.swift */ = {isa = PBXFileReference; lastKnownFileType = sourcecode.swift; path = AppDelegate.swift; sourceTree = "<group>"; };
		8419A81124473E4900F580E5 /* SourceListViewController.swift */ = {isa = PBXFileReference; lastKnownFileType = sourcecode.swift; path = SourceListViewController.swift; sourceTree = "<group>"; };
		8419A81624473E4900F580E5 /* Base */ = {isa = PBXFileReference; lastKnownFileType = file.storyboard; name = Base; path = Base.lproj/Main.storyboard; sourceTree = "<group>"; };
		8419A81824473E4D00F580E5 /* Assets.xcassets */ = {isa = PBXFileReference; lastKnownFileType = folder.assetcatalog; path = Assets.xcassets; sourceTree = "<group>"; };
		8419A81B24473E4D00F580E5 /* Base */ = {isa = PBXFileReference; lastKnownFileType = file.storyboard; name = Base; path = Base.lproj/LaunchScreen.storyboard; sourceTree = "<group>"; };
		8419A81D24473E4D00F580E5 /* Info.plist */ = {isa = PBXFileReference; lastKnownFileType = text.plist.xml; path = Info.plist; sourceTree = "<group>"; };
		8419A82224473E4D00F580E5 /* TestAppTests.xctest */ = {isa = PBXFileReference; explicitFileType = wrapper.cfbundle; includeInIndex = 0; path = TestAppTests.xctest; sourceTree = BUILT_PRODUCTS_DIR; };
		8419A82624473E4D00F580E5 /* TestAppTests.swift */ = {isa = PBXFileReference; lastKnownFileType = sourcecode.swift; path = TestAppTests.swift; sourceTree = "<group>"; };
		8419A82824473E4D00F580E5 /* Info.plist */ = {isa = PBXFileReference; lastKnownFileType = text.plist.xml; path = Info.plist; sourceTree = "<group>"; };
		8419A8322447653300F580E5 /* APIRouter.swift */ = {isa = PBXFileReference; lastKnownFileType = sourcecode.swift; path = APIRouter.swift; sourceTree = "<group>"; };
		8419A834244767C300F580E5 /* Consts.swift */ = {isa = PBXFileReference; lastKnownFileType = sourcecode.swift; path = Consts.swift; sourceTree = "<group>"; };
		8419A83824477F5A00F580E5 /* APIClient.swift */ = {isa = PBXFileReference; lastKnownFileType = sourcecode.swift; path = APIClient.swift; sourceTree = "<group>"; };
		8419A83D2448723A00F580E5 /* EverythingEndPoint.swift */ = {isa = PBXFileReference; lastKnownFileType = sourcecode.swift; path = EverythingEndPoint.swift; sourceTree = "<group>"; };
		8419A83F2448737F00F580E5 /* SourcesEndPoint.swift */ = {isa = PBXFileReference; lastKnownFileType = sourcecode.swift; path = SourcesEndPoint.swift; sourceTree = "<group>"; };
		8419A8422449C6C000F580E5 /* Source.swift */ = {isa = PBXFileReference; lastKnownFileType = sourcecode.swift; path = Source.swift; sourceTree = "<group>"; };
		84212DEA245044CC004BED01 /* SearchScreenViewController.swift */ = {isa = PBXFileReference; lastKnownFileType = sourcecode.swift; path = SearchScreenViewController.swift; sourceTree = "<group>"; };
		84212DEC245074BC004BED01 /* NewsCollectionCell.swift */ = {isa = PBXFileReference; lastKnownFileType = sourcecode.swift; path = NewsCollectionCell.swift; sourceTree = "<group>"; };
		84212DEE245074CC004BED01 /* NewsCollectionCell.xib */ = {isa = PBXFileReference; lastKnownFileType = file.xib; path = NewsCollectionCell.xib; sourceTree = "<group>"; };
		84212DF024507E2E004BED01 /* News.swift */ = {isa = PBXFileReference; lastKnownFileType = sourcecode.swift; path = News.swift; sourceTree = "<group>"; };
		84212DF224508539004BED01 /* SearchScreenAdapter.swift */ = {isa = PBXFileReference; lastKnownFileType = sourcecode.swift; path = SearchScreenAdapter.swift; sourceTree = "<group>"; };
		84212DF62450980F004BED01 /* NewsCollectionViewLayout.swift */ = {isa = PBXFileReference; fileEncoding = 4; lastKnownFileType = sourcecode.swift; path = NewsCollectionViewLayout.swift; sourceTree = "<group>"; };
		8462D390245216E40089DDC8 /* SourceListAssembly.swift */ = {isa = PBXFileReference; lastKnownFileType = sourcecode.swift; path = SourceListAssembly.swift; sourceTree = "<group>"; };
		8462D392245219C50089DDC8 /* SourceListModuleIO.swift */ = {isa = PBXFileReference; lastKnownFileType = sourcecode.swift; path = SourceListModuleIO.swift; sourceTree = "<group>"; };
		8462D39424521B2B0089DDC8 /* SourceListPresenter.swift */ = {isa = PBXFileReference; lastKnownFileType = sourcecode.swift; path = SourceListPresenter.swift; sourceTree = "<group>"; };
		8462D3962452F06C0089DDC8 /* SourceListViewIO.swift */ = {isa = PBXFileReference; lastKnownFileType = sourcecode.swift; path = SourceListViewIO.swift; sourceTree = "<group>"; };
		8462D39A24534DC80089DDC8 /* Routable.swift */ = {isa = PBXFileReference; lastKnownFileType = sourcecode.swift; path = Routable.swift; sourceTree = "<group>"; };
		8462D39C24534DE80089DDC8 /* Presentable.swift */ = {isa = PBXFileReference; lastKnownFileType = sourcecode.swift; path = Presentable.swift; sourceTree = "<group>"; };
		8462D39E24534E2B0089DDC8 /* AppRouter.swift */ = {isa = PBXFileReference; lastKnownFileType = sourcecode.swift; path = AppRouter.swift; sourceTree = "<group>"; };
		8462D3A024534E7C0089DDC8 /* CommonTypealias.swift */ = {isa = PBXFileReference; lastKnownFileType = sourcecode.swift; path = CommonTypealias.swift; sourceTree = "<group>"; };
		8462D3A4245352280089DDC8 /* SearchStoryboard.storyboard */ = {isa = PBXFileReference; lastKnownFileType = file.storyboard; path = SearchStoryboard.storyboard; sourceTree = "<group>"; };
		8462D3A8245368F90089DDC8 /* SourceListStoryboard.storyboard */ = {isa = PBXFileReference; fileEncoding = 4; lastKnownFileType = file.storyboard; path = SourceListStoryboard.storyboard; sourceTree = "<group>"; };
		8462D3AB245461270089DDC8 /* CommonCoordinator.swift */ = {isa = PBXFileReference; lastKnownFileType = sourcecode.swift; path = CommonCoordinator.swift; sourceTree = "<group>"; };
		8462D3AD245463430089DDC8 /* SourceListCoodinator.swift */ = {isa = PBXFileReference; lastKnownFileType = sourcecode.swift; path = SourceListCoodinator.swift; sourceTree = "<group>"; };
		8462D3AF245465080089DDC8 /* Coordinatble.swift */ = {isa = PBXFileReference; lastKnownFileType = sourcecode.swift; path = Coordinatble.swift; sourceTree = "<group>"; };
		8462D3B324548A560089DDC8 /* TabbarCoordinator.swift */ = {isa = PBXFileReference; lastKnownFileType = sourcecode.swift; path = TabbarCoordinator.swift; sourceTree = "<group>"; };
		8462D3BB2456FB2E0089DDC8 /* SearchScreenAssembly.swift */ = {isa = PBXFileReference; lastKnownFileType = sourcecode.swift; path = SearchScreenAssembly.swift; sourceTree = "<group>"; };
		8462D3BD2456FB540089DDC8 /* SearchScreenModuleIO.swift */ = {isa = PBXFileReference; lastKnownFileType = sourcecode.swift; path = SearchScreenModuleIO.swift; sourceTree = "<group>"; };
		8462D3BF2456FB620089DDC8 /* SearchScreenPresenter.swift */ = {isa = PBXFileReference; lastKnownFileType = sourcecode.swift; path = SearchScreenPresenter.swift; sourceTree = "<group>"; };
		8462D3C12456FC110089DDC8 /* SearchListViewIO.swift */ = {isa = PBXFileReference; lastKnownFileType = sourcecode.swift; path = SearchListViewIO.swift; sourceTree = "<group>"; };
		8462D3C324572AF90089DDC8 /* SearchScreenCoordinator.swift */ = {isa = PBXFileReference; lastKnownFileType = sourcecode.swift; path = SearchScreenCoordinator.swift; sourceTree = "<group>"; };
		8462D3C524581D360089DDC8 /* FavouriteSourceListAdapter.swift */ = {isa = PBXFileReference; lastKnownFileType = sourcecode.swift; path = FavouriteSourceListAdapter.swift; sourceTree = "<group>"; };
		8462D3CA2459D8930089DDC8 /* Finishable.swift */ = {isa = PBXFileReference; lastKnownFileType = sourcecode.swift; path = Finishable.swift; sourceTree = "<group>"; };
		8462D3D0245ADC560089DDC8 /* NewsListAssembly.swift */ = {isa = PBXFileReference; lastKnownFileType = sourcecode.swift; path = NewsListAssembly.swift; sourceTree = "<group>"; };
		8462D3D2245ADC700089DDC8 /* NewsListModuleIO.swift */ = {isa = PBXFileReference; lastKnownFileType = sourcecode.swift; path = NewsListModuleIO.swift; sourceTree = "<group>"; };
		8462D3D4245ADC800089DDC8 /* NewsListPresenter.swift */ = {isa = PBXFileReference; lastKnownFileType = sourcecode.swift; path = NewsListPresenter.swift; sourceTree = "<group>"; };
		8462D3D6245ADCB30089DDC8 /* NewsListViewControlller.swift */ = {isa = PBXFileReference; lastKnownFileType = sourcecode.swift; path = NewsListViewControlller.swift; sourceTree = "<group>"; };
		8462D3D8245ADCDF0089DDC8 /* NewsListAdapter.swift */ = {isa = PBXFileReference; lastKnownFileType = sourcecode.swift; path = NewsListAdapter.swift; sourceTree = "<group>"; };
		8462D3DA245ADCF90089DDC8 /* NewsListViewIO.swift */ = {isa = PBXFileReference; lastKnownFileType = sourcecode.swift; path = NewsListViewIO.swift; sourceTree = "<group>"; };
		8462D3DC245ADD110089DDC8 /* NewsListStoryboard.storyboard */ = {isa = PBXFileReference; lastKnownFileType = file.storyboard; path = NewsListStoryboard.storyboard; sourceTree = "<group>"; };
		8462D3E0245B25670089DDC8 /* FavouriteSourceListViewController.swift */ = {isa = PBXFileReference; lastKnownFileType = sourcecode.swift; path = FavouriteSourceListViewController.swift; sourceTree = "<group>"; };
		8462D3E5245B30A10089DDC8 /* FavouriteSourcesListStoryboard.storyboard */ = {isa = PBXFileReference; lastKnownFileType = file.storyboard; path = FavouriteSourcesListStoryboard.storyboard; sourceTree = "<group>"; };
		848D1FBE244B39A4001E4CF8 /* DataService.swift */ = {isa = PBXFileReference; lastKnownFileType = sourcecode.swift; path = DataService.swift; sourceTree = "<group>"; };
		848D1FC1244DC0F1001E4CF8 /* SourceCell.swift */ = {isa = PBXFileReference; lastKnownFileType = sourcecode.swift; path = SourceCell.swift; sourceTree = "<group>"; };
		848D1FC3244DC100001E4CF8 /* SourceCell.xib */ = {isa = PBXFileReference; lastKnownFileType = file.xib; path = SourceCell.xib; sourceTree = "<group>"; };
		848D1FC6244DCEC3001E4CF8 /* SourceListAdapter.swift */ = {isa = PBXFileReference; lastKnownFileType = sourcecode.swift; path = SourceListAdapter.swift; sourceTree = "<group>"; };
		B1A234C829BB3B6AACA29D86 /* Pods_TestApp.framework */ = {isa = PBXFileReference; explicitFileType = wrapper.framework; includeInIndex = 0; path = Pods_TestApp.framework; sourceTree = BUILT_PRODUCTS_DIR; };
		BF8CC3AEA269DEC6016285D5 /* Pods-TestApp.debug.xcconfig */ = {isa = PBXFileReference; includeInIndex = 1; lastKnownFileType = text.xcconfig; name = "Pods-TestApp.debug.xcconfig"; path = "Target Support Files/Pods-TestApp/Pods-TestApp.debug.xcconfig"; sourceTree = "<group>"; };
/* End PBXFileReference section */

/* Begin PBXFrameworksBuildPhase section */
		8419A80724473E4900F580E5 /* Frameworks */ = {
			isa = PBXFrameworksBuildPhase;
			buildActionMask = 2147483647;
			files = (
				5533B8F60EDF94B9314012E0 /* Pods_TestApp.framework in Frameworks */,
			);
			runOnlyForDeploymentPostprocessing = 0;
		};
		8419A81F24473E4D00F580E5 /* Frameworks */ = {
			isa = PBXFrameworksBuildPhase;
			buildActionMask = 2147483647;
			files = (
			);
			runOnlyForDeploymentPostprocessing = 0;
		};
/* End PBXFrameworksBuildPhase section */

/* Begin PBXGroup section */
		41D968FF5FA5DD8BA2E7EA68 /* Pods */ = {
			isa = PBXGroup;
			children = (
				BF8CC3AEA269DEC6016285D5 /* Pods-TestApp.debug.xcconfig */,
				7D4137B8F91AF58657F9E920 /* Pods-TestApp.release.xcconfig */,
			);
			path = Pods;
			sourceTree = "<group>";
		};
		7F0C41112563D8F20A50038A /* Frameworks */ = {
			isa = PBXGroup;
			children = (
				B1A234C829BB3B6AACA29D86 /* Pods_TestApp.framework */,
			);
			name = Frameworks;
			sourceTree = "<group>";
		};
		8419A80124473E4900F580E5 = {
			isa = PBXGroup;
			children = (
				8419A80C24473E4900F580E5 /* TestApp */,
				8419A82524473E4D00F580E5 /* TestAppTests */,
				8419A80B24473E4900F580E5 /* Products */,
				41D968FF5FA5DD8BA2E7EA68 /* Pods */,
				7F0C41112563D8F20A50038A /* Frameworks */,
			);
			sourceTree = "<group>";
		};
		8419A80B24473E4900F580E5 /* Products */ = {
			isa = PBXGroup;
			children = (
				8419A80A24473E4900F580E5 /* TestApp.app */,
				8419A82224473E4D00F580E5 /* TestAppTests.xctest */,
			);
			name = Products;
			sourceTree = "<group>";
		};
		8419A80C24473E4900F580E5 /* TestApp */ = {
			isa = PBXGroup;
			children = (
				8462D3E7245EDFCC0089DDC8 /* Common */,
				8419A834244767C300F580E5 /* Consts.swift */,
				848D1FBE244B39A4001E4CF8 /* DataService.swift */,
				8462D39E24534E2B0089DDC8 /* AppRouter.swift */,
				8462D3AA245461150089DDC8 /* Coordinators */,
				848D1FC0244DC0A6001E4CF8 /* Modules */,
				8419A8412449C6A200F580E5 /* Model */,
				8419A83124473F2900F580E5 /* Network */,
				8419A80D24473E4900F580E5 /* AppDelegate.swift */,
				8419A81524473E4900F580E5 /* Main.storyboard */,
				8419A81824473E4D00F580E5 /* Assets.xcassets */,
				8419A81A24473E4D00F580E5 /* LaunchScreen.storyboard */,
				8419A81D24473E4D00F580E5 /* Info.plist */,
			);
			path = TestApp;
			sourceTree = "<group>";
		};
		8419A82524473E4D00F580E5 /* TestAppTests */ = {
			isa = PBXGroup;
			children = (
				8419A82624473E4D00F580E5 /* TestAppTests.swift */,
				8419A82824473E4D00F580E5 /* Info.plist */,
			);
			path = TestAppTests;
			sourceTree = "<group>";
		};
		8419A83124473F2900F580E5 /* Network */ = {
			isa = PBXGroup;
			children = (
				8419A83A244871DC00F580E5 /* EndPoints */,
				8419A8322447653300F580E5 /* APIRouter.swift */,
				8419A83824477F5A00F580E5 /* APIClient.swift */,
			);
			path = Network;
			sourceTree = "<group>";
		};
		8419A83A244871DC00F580E5 /* EndPoints */ = {
			isa = PBXGroup;
			children = (
				8419A83D2448723A00F580E5 /* EverythingEndPoint.swift */,
				8419A83F2448737F00F580E5 /* SourcesEndPoint.swift */,
			);
			path = EndPoints;
			sourceTree = "<group>";
		};
		8419A8412449C6A200F580E5 /* Model */ = {
			isa = PBXGroup;
			children = (
				8419A8422449C6C000F580E5 /* Source.swift */,
				84212DF024507E2E004BED01 /* News.swift */,
			);
			path = Model;
			sourceTree = "<group>";
		};
		84212DE9245044AB004BED01 /* SearchScreen */ = {
			isa = PBXGroup;
			children = (
				8462D3B52456FAC10089DDC8 /* Assembly */,
				8462D3B92456FAFB0089DDC8 /* Presenter */,
				8462D3BA2456FB060089DDC8 /* View */,
			);
			path = SearchScreen;
			sourceTree = "<group>";
		};
		8462D3862451C2F90089DDC8 /* Cells */ = {
			isa = PBXGroup;
			children = (
				848D1FC1244DC0F1001E4CF8 /* SourceCell.swift */,
				848D1FC3244DC100001E4CF8 /* SourceCell.xib */,
				84212DEC245074BC004BED01 /* NewsCollectionCell.swift */,
				84212DEE245074CC004BED01 /* NewsCollectionCell.xib */,
			);
			path = Cells;
			sourceTree = "<group>";
		};
		8462D3872451C30B0089DDC8 /* Modules */ = {
			isa = PBXGroup;
			children = (
				8462D3CC245ADB550089DDC8 /* NewsListModule */,
				84212DE9245044AB004BED01 /* SearchScreen */,
				848D1FC5244DCEAE001E4CF8 /* SourceListModule */,
			);
			path = Modules;
			sourceTree = "<group>";
		};
		8462D38D245216B10089DDC8 /* Assembly */ = {
			isa = PBXGroup;
			children = (
				8462D390245216E40089DDC8 /* SourceListAssembly.swift */,
			);
			path = Assembly;
			sourceTree = "<group>";
		};
		8462D38E245216C00089DDC8 /* View */ = {
			isa = PBXGroup;
			children = (
				8462D3A8245368F90089DDC8 /* SourceListStoryboard.storyboard */,
				8419A81124473E4900F580E5 /* SourceListViewController.swift */,
				848D1FC6244DCEC3001E4CF8 /* SourceListAdapter.swift */,
				8462D3962452F06C0089DDC8 /* SourceListViewIO.swift */,
			);
			path = View;
			sourceTree = "<group>";
		};
		8462D38F245216C60089DDC8 /* Presenter */ = {
			isa = PBXGroup;
			children = (
				8462D392245219C50089DDC8 /* SourceListModuleIO.swift */,
				8462D39424521B2B0089DDC8 /* SourceListPresenter.swift */,
			);
			path = Presenter;
			sourceTree = "<group>";
		};
		8462D3AA245461150089DDC8 /* Coordinators */ = {
			isa = PBXGroup;
			children = (
				8462D3AB245461270089DDC8 /* CommonCoordinator.swift */,
				8462D3C324572AF90089DDC8 /* SearchScreenCoordinator.swift */,
				8462D3AD245463430089DDC8 /* SourceListCoodinator.swift */,
				8462D3B324548A560089DDC8 /* TabbarCoordinator.swift */,
			);
			path = Coordinators;
			sourceTree = "<group>";
		};
		8462D3B52456FAC10089DDC8 /* Assembly */ = {
			isa = PBXGroup;
			children = (
				8462D3BB2456FB2E0089DDC8 /* SearchScreenAssembly.swift */,
			);
			path = Assembly;
			sourceTree = "<group>";
		};
		8462D3B92456FAFB0089DDC8 /* Presenter */ = {
			isa = PBXGroup;
			children = (
				8462D3BD2456FB540089DDC8 /* SearchScreenModuleIO.swift */,
				8462D3BF2456FB620089DDC8 /* SearchScreenPresenter.swift */,
			);
			path = Presenter;
			sourceTree = "<group>";
		};
		8462D3BA2456FB060089DDC8 /* View */ = {
			isa = PBXGroup;
			children = (
				84212DF62450980F004BED01 /* NewsCollectionViewLayout.swift */,
				84212DEA245044CC004BED01 /* SearchScreenViewController.swift */,
				84212DF224508539004BED01 /* SearchScreenAdapter.swift */,
				8462D3A4245352280089DDC8 /* SearchStoryboard.storyboard */,
				8462D3C12456FC110089DDC8 /* SearchListViewIO.swift */,
			);
			path = View;
			sourceTree = "<group>";
		};
		8462D3CC245ADB550089DDC8 /* NewsListModule */ = {
			isa = PBXGroup;
			children = (
				8462D3CF245ADB850089DDC8 /* Assembly */,
				8462D3CE245ADB760089DDC8 /* Presenter */,
				8462D3CD245ADB680089DDC8 /* View */,
			);
			path = NewsListModule;
			sourceTree = "<group>";
		};
		8462D3CD245ADB680089DDC8 /* View */ = {
			isa = PBXGroup;
			children = (
				8462D3D6245ADCB30089DDC8 /* NewsListViewControlller.swift */,
				8462D3D8245ADCDF0089DDC8 /* NewsListAdapter.swift */,
				8462D3DA245ADCF90089DDC8 /* NewsListViewIO.swift */,
				8462D3DC245ADD110089DDC8 /* NewsListStoryboard.storyboard */,
			);
			path = View;
			sourceTree = "<group>";
		};
		8462D3CE245ADB760089DDC8 /* Presenter */ = {
			isa = PBXGroup;
			children = (
				8462D3D2245ADC700089DDC8 /* NewsListModuleIO.swift */,
				8462D3D4245ADC800089DDC8 /* NewsListPresenter.swift */,
			);
			path = Presenter;
			sourceTree = "<group>";
		};
		8462D3CF245ADB850089DDC8 /* Assembly */ = {
			isa = PBXGroup;
			children = (
				8462D3D0245ADC560089DDC8 /* NewsListAssembly.swift */,
			);
			path = Assembly;
			sourceTree = "<group>";
		};
		8462D3E3245B2E580089DDC8 /* FavouriteSourceListModule */ = {
			isa = PBXGroup;
			children = (
				8462D3E4245B2EB50089DDC8 /* View */,
			);
			path = FavouriteSourceListModule;
			sourceTree = "<group>";
		};
		8462D3E4245B2EB50089DDC8 /* View */ = {
			isa = PBXGroup;
			children = (
				8462D3E0245B25670089DDC8 /* FavouriteSourceListViewController.swift */,
				8462D3C524581D360089DDC8 /* FavouriteSourceListAdapter.swift */,
				8462D3E5245B30A10089DDC8 /* FavouriteSourcesListStoryboard.storyboard */,
			);
			path = View;
			sourceTree = "<group>";
		};
		8462D3E7245EDFCC0089DDC8 /* Common */ = {
			isa = PBXGroup;
			children = (
				8462D39C24534DE80089DDC8 /* Presentable.swift */,
				8462D39A24534DC80089DDC8 /* Routable.swift */,
				8462D3CA2459D8930089DDC8 /* Finishable.swift */,
				8462D3AF245465080089DDC8 /* Coordinatble.swift */,
				8462D3A024534E7C0089DDC8 /* CommonTypealias.swift */,
			);
			path = Common;
			sourceTree = "<group>";
		};
		848D1FC0244DC0A6001E4CF8 /* Modules */ = {
			isa = PBXGroup;
			children = (
				8462D3872451C30B0089DDC8 /* Modules */,
				8462D3862451C2F90089DDC8 /* Cells */,
			);
			path = Modules;
			sourceTree = "<group>";
		};
		848D1FC5244DCEAE001E4CF8 /* SourceListModule */ = {
			isa = PBXGroup;
			children = (
				8462D38D245216B10089DDC8 /* Assembly */,
				8462D38F245216C60089DDC8 /* Presenter */,
				8462D38E245216C00089DDC8 /* View */,
				8462D3E3245B2E580089DDC8 /* FavouriteSourceListModule */,
			);
			path = SourceListModule;
			sourceTree = "<group>";
		};
/* End PBXGroup section */

/* Begin PBXNativeTarget section */
		8419A80924473E4900F580E5 /* TestApp */ = {
			isa = PBXNativeTarget;
			buildConfigurationList = 8419A82B24473E4D00F580E5 /* Build configuration list for PBXNativeTarget "TestApp" */;
			buildPhases = (
				DB5178C66CB4A84578F5999D /* [CP] Check Pods Manifest.lock */,
				8419A80624473E4900F580E5 /* Sources */,
				8419A80724473E4900F580E5 /* Frameworks */,
				8419A80824473E4900F580E5 /* Resources */,
				3F050B7835623E63595281C3 /* [CP] Embed Pods Frameworks */,
			);
			buildRules = (
			);
			dependencies = (
			);
			name = TestApp;
			productName = TestApp;
			productReference = 8419A80A24473E4900F580E5 /* TestApp.app */;
			productType = "com.apple.product-type.application";
		};
		8419A82124473E4D00F580E5 /* TestAppTests */ = {
			isa = PBXNativeTarget;
			buildConfigurationList = 8419A82E24473E4D00F580E5 /* Build configuration list for PBXNativeTarget "TestAppTests" */;
			buildPhases = (
				8419A81E24473E4D00F580E5 /* Sources */,
				8419A81F24473E4D00F580E5 /* Frameworks */,
				8419A82024473E4D00F580E5 /* Resources */,
			);
			buildRules = (
			);
			dependencies = (
				8419A82424473E4D00F580E5 /* PBXTargetDependency */,
			);
			name = TestAppTests;
			productName = TestAppTests;
			productReference = 8419A82224473E4D00F580E5 /* TestAppTests.xctest */;
			productType = "com.apple.product-type.bundle.unit-test";
		};
/* End PBXNativeTarget section */

/* Begin PBXProject section */
		8419A80224473E4900F580E5 /* Project object */ = {
			isa = PBXProject;
			attributes = {
				LastSwiftUpdateCheck = 1130;
				LastUpgradeCheck = 1130;
				ORGANIZATIONNAME = vladimir;
				TargetAttributes = {
					8419A80924473E4900F580E5 = {
						CreatedOnToolsVersion = 11.3.1;
					};
					8419A82124473E4D00F580E5 = {
						CreatedOnToolsVersion = 11.3.1;
						TestTargetID = 8419A80924473E4900F580E5;
					};
				};
			};
			buildConfigurationList = 8419A80524473E4900F580E5 /* Build configuration list for PBXProject "TestApp" */;
			compatibilityVersion = "Xcode 9.3";
			developmentRegion = en;
			hasScannedForEncodings = 0;
			knownRegions = (
				en,
				Base,
			);
			mainGroup = 8419A80124473E4900F580E5;
			productRefGroup = 8419A80B24473E4900F580E5 /* Products */;
			projectDirPath = "";
			projectRoot = "";
			targets = (
				8419A80924473E4900F580E5 /* TestApp */,
				8419A82124473E4D00F580E5 /* TestAppTests */,
			);
		};
/* End PBXProject section */

/* Begin PBXResourcesBuildPhase section */
		8419A80824473E4900F580E5 /* Resources */ = {
			isa = PBXResourcesBuildPhase;
			buildActionMask = 2147483647;
			files = (
				8462D3A5245352280089DDC8 /* SearchStoryboard.storyboard in Resources */,
				848D1FC4244DC100001E4CF8 /* SourceCell.xib in Resources */,
				8462D3DD245ADD110089DDC8 /* NewsListStoryboard.storyboard in Resources */,
				8462D3A9245368F90089DDC8 /* SourceListStoryboard.storyboard in Resources */,
				8419A81C24473E4D00F580E5 /* LaunchScreen.storyboard in Resources */,
				84212DEF245074CC004BED01 /* NewsCollectionCell.xib in Resources */,
				8419A81924473E4D00F580E5 /* Assets.xcassets in Resources */,
				8462D3E6245B30A10089DDC8 /* FavouriteSourcesListStoryboard.storyboard in Resources */,
				8419A81724473E4900F580E5 /* Main.storyboard in Resources */,
			);
			runOnlyForDeploymentPostprocessing = 0;
		};
		8419A82024473E4D00F580E5 /* Resources */ = {
			isa = PBXResourcesBuildPhase;
			buildActionMask = 2147483647;
			files = (
			);
			runOnlyForDeploymentPostprocessing = 0;
		};
/* End PBXResourcesBuildPhase section */

/* Begin PBXShellScriptBuildPhase section */
		3F050B7835623E63595281C3 /* [CP] Embed Pods Frameworks */ = {
			isa = PBXShellScriptBuildPhase;
			buildActionMask = 2147483647;
			files = (
			);
			inputFileListPaths = (
				"${PODS_ROOT}/Target Support Files/Pods-TestApp/Pods-TestApp-frameworks-${CONFIGURATION}-input-files.xcfilelist",
			);
			name = "[CP] Embed Pods Frameworks";
			outputFileListPaths = (
				"${PODS_ROOT}/Target Support Files/Pods-TestApp/Pods-TestApp-frameworks-${CONFIGURATION}-output-files.xcfilelist",
			);
			runOnlyForDeploymentPostprocessing = 0;
			shellPath = /bin/sh;
			shellScript = "\"${PODS_ROOT}/Target Support Files/Pods-TestApp/Pods-TestApp-frameworks.sh\"\n";
			showEnvVarsInLog = 0;
		};
		DB5178C66CB4A84578F5999D /* [CP] Check Pods Manifest.lock */ = {
			isa = PBXShellScriptBuildPhase;
			buildActionMask = 2147483647;
			files = (
			);
			inputFileListPaths = (
			);
			inputPaths = (
				"${PODS_PODFILE_DIR_PATH}/Podfile.lock",
				"${PODS_ROOT}/Manifest.lock",
			);
			name = "[CP] Check Pods Manifest.lock";
			outputFileListPaths = (
			);
			outputPaths = (
				"$(DERIVED_FILE_DIR)/Pods-TestApp-checkManifestLockResult.txt",
			);
			runOnlyForDeploymentPostprocessing = 0;
			shellPath = /bin/sh;
			shellScript = "diff \"${PODS_PODFILE_DIR_PATH}/Podfile.lock\" \"${PODS_ROOT}/Manifest.lock\" > /dev/null\nif [ $? != 0 ] ; then\n    # print error to STDERR\n    echo \"error: The sandbox is not in sync with the Podfile.lock. Run 'pod install' or update your CocoaPods installation.\" >&2\n    exit 1\nfi\n# This output is used by Xcode 'outputs' to avoid re-running this script phase.\necho \"SUCCESS\" > \"${SCRIPT_OUTPUT_FILE_0}\"\n";
			showEnvVarsInLog = 0;
		};
/* End PBXShellScriptBuildPhase section */

/* Begin PBXSourcesBuildPhase section */
		8419A80624473E4900F580E5 /* Sources */ = {
			isa = PBXSourcesBuildPhase;
			buildActionMask = 2147483647;
			files = (
				8462D3C624581D370089DDC8 /* FavouriteSourceListAdapter.swift in Sources */,
				8462D3972452F06C0089DDC8 /* SourceListViewIO.swift in Sources */,
				8462D3DB245ADCF90089DDC8 /* NewsListViewIO.swift in Sources */,
				8462D3D9245ADCDF0089DDC8 /* NewsListAdapter.swift in Sources */,
				8462D3D7245ADCB30089DDC8 /* NewsListViewControlller.swift in Sources */,
				8462D3E1245B25670089DDC8 /* FavouriteSourceListViewController.swift in Sources */,
				8462D3B424548A560089DDC8 /* TabbarCoordinator.swift in Sources */,
				8462D3BC2456FB2E0089DDC8 /* SearchScreenAssembly.swift in Sources */,
				8462D3C02456FB620089DDC8 /* SearchScreenPresenter.swift in Sources */,
				8462D391245216E40089DDC8 /* SourceListAssembly.swift in Sources */,
				8462D3D1245ADC560089DDC8 /* NewsListAssembly.swift in Sources */,
				8462D3C22456FC110089DDC8 /* SearchListViewIO.swift in Sources */,
				8462D3C424572AF90089DDC8 /* SearchScreenCoordinator.swift in Sources */,
				8462D3D3245ADC700089DDC8 /* NewsListModuleIO.swift in Sources */,
				8419A83E2448723A00F580E5 /* EverythingEndPoint.swift in Sources */,
				8462D39F24534E2B0089DDC8 /* AppRouter.swift in Sources */,
				84212DF124507E2E004BED01 /* News.swift in Sources */,
				8462D3CB2459D8940089DDC8 /* Finishable.swift in Sources */,
				84212DF324508539004BED01 /* SearchScreenAdapter.swift in Sources */,
				8462D3AC245461270089DDC8 /* CommonCoordinator.swift in Sources */,
				8462D393245219C50089DDC8 /* SourceListModuleIO.swift in Sources */,
				84212DF72450980F004BED01 /* NewsCollectionViewLayout.swift in Sources */,
				8462D3AE245463430089DDC8 /* SourceListCoodinator.swift in Sources */,
				84212DEB245044CC004BED01 /* SearchScreenViewController.swift in Sources */,
				84212DED245074BC004BED01 /* NewsCollectionCell.swift in Sources */,
				8419A83924477F5A00F580E5 /* APIClient.swift in Sources */,
				8419A835244767C400F580E5 /* Consts.swift in Sources */,
				848D1FC2244DC0F1001E4CF8 /* SourceCell.swift in Sources */,
				8419A8332447653300F580E5 /* APIRouter.swift in Sources */,
				8462D3BE2456FB540089DDC8 /* SearchScreenModuleIO.swift in Sources */,
				848D1FBF244B39A4001E4CF8 /* DataService.swift in Sources */,
				8419A81224473E4900F580E5 /* SourceListViewController.swift in Sources */,
				8462D3B0245465080089DDC8 /* Coordinatble.swift in Sources */,
				8462D3D5245ADC800089DDC8 /* NewsListPresenter.swift in Sources */,
				8419A8402448737F00F580E5 /* SourcesEndPoint.swift in Sources */,
				8419A80E24473E4900F580E5 /* AppDelegate.swift in Sources */,
				8419A8432449C6C000F580E5 /* Source.swift in Sources */,
				8462D39524521B2B0089DDC8 /* SourceListPresenter.swift in Sources */,
				8462D39D24534DE80089DDC8 /* Presentable.swift in Sources */,
				8462D3A124534E7C0089DDC8 /* CommonTypealias.swift in Sources */,
				848D1FC7244DCEC3001E4CF8 /* SourceListAdapter.swift in Sources */,
				8462D39B24534DC80089DDC8 /* Routable.swift in Sources */,
			);
			runOnlyForDeploymentPostprocessing = 0;
		};
		8419A81E24473E4D00F580E5 /* Sources */ = {
			isa = PBXSourcesBuildPhase;
			buildActionMask = 2147483647;
			files = (
				8419A82724473E4D00F580E5 /* TestAppTests.swift in Sources */,
			);
			runOnlyForDeploymentPostprocessing = 0;
		};
/* End PBXSourcesBuildPhase section */

/* Begin PBXTargetDependency section */
		8419A82424473E4D00F580E5 /* PBXTargetDependency */ = {
			isa = PBXTargetDependency;
			target = 8419A80924473E4900F580E5 /* TestApp */;
			targetProxy = 8419A82324473E4D00F580E5 /* PBXContainerItemProxy */;
		};
/* End PBXTargetDependency section */

/* Begin PBXVariantGroup section */
		8419A81524473E4900F580E5 /* Main.storyboard */ = {
			isa = PBXVariantGroup;
			children = (
				8419A81624473E4900F580E5 /* Base */,
			);
			name = Main.storyboard;
			sourceTree = "<group>";
		};
		8419A81A24473E4D00F580E5 /* LaunchScreen.storyboard */ = {
			isa = PBXVariantGroup;
			children = (
				8419A81B24473E4D00F580E5 /* Base */,
			);
			name = LaunchScreen.storyboard;
			sourceTree = "<group>";
		};
/* End PBXVariantGroup section */

/* Begin XCBuildConfiguration section */
		8419A82924473E4D00F580E5 /* Debug */ = {
			isa = XCBuildConfiguration;
			buildSettings = {
				ALWAYS_SEARCH_USER_PATHS = NO;
				CLANG_ANALYZER_NONNULL = YES;
				CLANG_ANALYZER_NUMBER_OBJECT_CONVERSION = YES_AGGRESSIVE;
				CLANG_CXX_LANGUAGE_STANDARD = "gnu++14";
				CLANG_CXX_LIBRARY = "libc++";
				CLANG_ENABLE_MODULES = YES;
				CLANG_ENABLE_OBJC_ARC = YES;
				CLANG_ENABLE_OBJC_WEAK = YES;
				CLANG_WARN_BLOCK_CAPTURE_AUTORELEASING = YES;
				CLANG_WARN_BOOL_CONVERSION = YES;
				CLANG_WARN_COMMA = YES;
				CLANG_WARN_CONSTANT_CONVERSION = YES;
				CLANG_WARN_DEPRECATED_OBJC_IMPLEMENTATIONS = YES;
				CLANG_WARN_DIRECT_OBJC_ISA_USAGE = YES_ERROR;
				CLANG_WARN_DOCUMENTATION_COMMENTS = YES;
				CLANG_WARN_EMPTY_BODY = YES;
				CLANG_WARN_ENUM_CONVERSION = YES;
				CLANG_WARN_INFINITE_RECURSION = YES;
				CLANG_WARN_INT_CONVERSION = YES;
				CLANG_WARN_NON_LITERAL_NULL_CONVERSION = YES;
				CLANG_WARN_OBJC_IMPLICIT_RETAIN_SELF = YES;
				CLANG_WARN_OBJC_LITERAL_CONVERSION = YES;
				CLANG_WARN_OBJC_ROOT_CLASS = YES_ERROR;
				CLANG_WARN_RANGE_LOOP_ANALYSIS = YES;
				CLANG_WARN_STRICT_PROTOTYPES = YES;
				CLANG_WARN_SUSPICIOUS_MOVE = YES;
				CLANG_WARN_UNGUARDED_AVAILABILITY = YES_AGGRESSIVE;
				CLANG_WARN_UNREACHABLE_CODE = YES;
				CLANG_WARN__DUPLICATE_METHOD_MATCH = YES;
				COPY_PHASE_STRIP = NO;
				DEBUG_INFORMATION_FORMAT = dwarf;
				ENABLE_STRICT_OBJC_MSGSEND = YES;
				ENABLE_TESTABILITY = YES;
				GCC_C_LANGUAGE_STANDARD = gnu11;
				GCC_DYNAMIC_NO_PIC = NO;
				GCC_NO_COMMON_BLOCKS = YES;
				GCC_OPTIMIZATION_LEVEL = 0;
				GCC_PREPROCESSOR_DEFINITIONS = (
					"DEBUG=1",
					"$(inherited)",
				);
				GCC_WARN_64_TO_32_BIT_CONVERSION = YES;
				GCC_WARN_ABOUT_RETURN_TYPE = YES_ERROR;
				GCC_WARN_UNDECLARED_SELECTOR = YES;
				GCC_WARN_UNINITIALIZED_AUTOS = YES_AGGRESSIVE;
				GCC_WARN_UNUSED_FUNCTION = YES;
				GCC_WARN_UNUSED_VARIABLE = YES;
				IPHONEOS_DEPLOYMENT_TARGET = 13.2;
				MTL_ENABLE_DEBUG_INFO = INCLUDE_SOURCE;
				MTL_FAST_MATH = YES;
				ONLY_ACTIVE_ARCH = YES;
				SDKROOT = iphoneos;
				SWIFT_ACTIVE_COMPILATION_CONDITIONS = DEBUG;
				SWIFT_OPTIMIZATION_LEVEL = "-Onone";
			};
			name = Debug;
		};
		8419A82A24473E4D00F580E5 /* Release */ = {
			isa = XCBuildConfiguration;
			buildSettings = {
				ALWAYS_SEARCH_USER_PATHS = NO;
				CLANG_ANALYZER_NONNULL = YES;
				CLANG_ANALYZER_NUMBER_OBJECT_CONVERSION = YES_AGGRESSIVE;
				CLANG_CXX_LANGUAGE_STANDARD = "gnu++14";
				CLANG_CXX_LIBRARY = "libc++";
				CLANG_ENABLE_MODULES = YES;
				CLANG_ENABLE_OBJC_ARC = YES;
				CLANG_ENABLE_OBJC_WEAK = YES;
				CLANG_WARN_BLOCK_CAPTURE_AUTORELEASING = YES;
				CLANG_WARN_BOOL_CONVERSION = YES;
				CLANG_WARN_COMMA = YES;
				CLANG_WARN_CONSTANT_CONVERSION = YES;
				CLANG_WARN_DEPRECATED_OBJC_IMPLEMENTATIONS = YES;
				CLANG_WARN_DIRECT_OBJC_ISA_USAGE = YES_ERROR;
				CLANG_WARN_DOCUMENTATION_COMMENTS = YES;
				CLANG_WARN_EMPTY_BODY = YES;
				CLANG_WARN_ENUM_CONVERSION = YES;
				CLANG_WARN_INFINITE_RECURSION = YES;
				CLANG_WARN_INT_CONVERSION = YES;
				CLANG_WARN_NON_LITERAL_NULL_CONVERSION = YES;
				CLANG_WARN_OBJC_IMPLICIT_RETAIN_SELF = YES;
				CLANG_WARN_OBJC_LITERAL_CONVERSION = YES;
				CLANG_WARN_OBJC_ROOT_CLASS = YES_ERROR;
				CLANG_WARN_RANGE_LOOP_ANALYSIS = YES;
				CLANG_WARN_STRICT_PROTOTYPES = YES;
				CLANG_WARN_SUSPICIOUS_MOVE = YES;
				CLANG_WARN_UNGUARDED_AVAILABILITY = YES_AGGRESSIVE;
				CLANG_WARN_UNREACHABLE_CODE = YES;
				CLANG_WARN__DUPLICATE_METHOD_MATCH = YES;
				COPY_PHASE_STRIP = NO;
				DEBUG_INFORMATION_FORMAT = "dwarf-with-dsym";
				ENABLE_NS_ASSERTIONS = NO;
				ENABLE_STRICT_OBJC_MSGSEND = YES;
				GCC_C_LANGUAGE_STANDARD = gnu11;
				GCC_NO_COMMON_BLOCKS = YES;
				GCC_WARN_64_TO_32_BIT_CONVERSION = YES;
				GCC_WARN_ABOUT_RETURN_TYPE = YES_ERROR;
				GCC_WARN_UNDECLARED_SELECTOR = YES;
				GCC_WARN_UNINITIALIZED_AUTOS = YES_AGGRESSIVE;
				GCC_WARN_UNUSED_FUNCTION = YES;
				GCC_WARN_UNUSED_VARIABLE = YES;
				IPHONEOS_DEPLOYMENT_TARGET = 13.2;
				MTL_ENABLE_DEBUG_INFO = NO;
				MTL_FAST_MATH = YES;
				SDKROOT = iphoneos;
				SWIFT_COMPILATION_MODE = wholemodule;
				SWIFT_OPTIMIZATION_LEVEL = "-O";
				VALIDATE_PRODUCT = YES;
			};
			name = Release;
		};
		8419A82C24473E4D00F580E5 /* Debug */ = {
			isa = XCBuildConfiguration;
			baseConfigurationReference = BF8CC3AEA269DEC6016285D5 /* Pods-TestApp.debug.xcconfig */;
			buildSettings = {
				ASSETCATALOG_COMPILER_APPICON_NAME = AppIcon;
				CODE_SIGN_STYLE = Automatic;
				INFOPLIST_FILE = TestApp/Info.plist;
				LD_RUNPATH_SEARCH_PATHS = (
					"$(inherited)",
					"@executable_path/Frameworks",
				);
				PRODUCT_BUNDLE_IDENTIFIER = bobah.TestApp;
				PRODUCT_NAME = "$(TARGET_NAME)";
				SWIFT_VERSION = 5.0;
				TARGETED_DEVICE_FAMILY = "1,2";
			};
			name = Debug;
		};
		8419A82D24473E4D00F580E5 /* Release */ = {
			isa = XCBuildConfiguration;
			baseConfigurationReference = 7D4137B8F91AF58657F9E920 /* Pods-TestApp.release.xcconfig */;
			buildSettings = {
				ASSETCATALOG_COMPILER_APPICON_NAME = AppIcon;
				CODE_SIGN_STYLE = Automatic;
				INFOPLIST_FILE = TestApp/Info.plist;
				LD_RUNPATH_SEARCH_PATHS = (
					"$(inherited)",
					"@executable_path/Frameworks",
				);
				PRODUCT_BUNDLE_IDENTIFIER = bobah.TestApp;
				PRODUCT_NAME = "$(TARGET_NAME)";
				SWIFT_VERSION = 5.0;
				TARGETED_DEVICE_FAMILY = "1,2";
			};
			name = Release;
		};
		8419A82F24473E4D00F580E5 /* Debug */ = {
			isa = XCBuildConfiguration;
			buildSettings = {
				ALWAYS_EMBED_SWIFT_STANDARD_LIBRARIES = YES;
				BUNDLE_LOADER = "$(TEST_HOST)";
				CODE_SIGN_STYLE = Automatic;
				INFOPLIST_FILE = TestAppTests/Info.plist;
				IPHONEOS_DEPLOYMENT_TARGET = 13.2;
				LD_RUNPATH_SEARCH_PATHS = (
					"$(inherited)",
					"@executable_path/Frameworks",
					"@loader_path/Frameworks",
				);
				PRODUCT_BUNDLE_IDENTIFIER = bobah.TestAppTests;
				PRODUCT_NAME = "$(TARGET_NAME)";
				SWIFT_VERSION = 5.0;
				TARGETED_DEVICE_FAMILY = "1,2";
				TEST_HOST = "$(BUILT_PRODUCTS_DIR)/TestApp.app/TestApp";
			};
			name = Debug;
		};
		8419A83024473E4D00F580E5 /* Release */ = {
			isa = XCBuildConfiguration;
			buildSettings = {
				ALWAYS_EMBED_SWIFT_STANDARD_LIBRARIES = YES;
				BUNDLE_LOADER = "$(TEST_HOST)";
				CODE_SIGN_STYLE = Automatic;
				INFOPLIST_FILE = TestAppTests/Info.plist;
				IPHONEOS_DEPLOYMENT_TARGET = 13.2;
				LD_RUNPATH_SEARCH_PATHS = (
					"$(inherited)",
					"@executable_path/Frameworks",
					"@loader_path/Frameworks",
				);
				PRODUCT_BUNDLE_IDENTIFIER = bobah.TestAppTests;
				PRODUCT_NAME = "$(TARGET_NAME)";
				SWIFT_VERSION = 5.0;
				TARGETED_DEVICE_FAMILY = "1,2";
				TEST_HOST = "$(BUILT_PRODUCTS_DIR)/TestApp.app/TestApp";
			};
			name = Release;
		};
/* End XCBuildConfiguration section */

/* Begin XCConfigurationList section */
		8419A80524473E4900F580E5 /* Build configuration list for PBXProject "TestApp" */ = {
			isa = XCConfigurationList;
			buildConfigurations = (
				8419A82924473E4D00F580E5 /* Debug */,
				8419A82A24473E4D00F580E5 /* Release */,
			);
			defaultConfigurationIsVisible = 0;
			defaultConfigurationName = Release;
		};
		8419A82B24473E4D00F580E5 /* Build configuration list for PBXNativeTarget "TestApp" */ = {
			isa = XCConfigurationList;
			buildConfigurations = (
				8419A82C24473E4D00F580E5 /* Debug */,
				8419A82D24473E4D00F580E5 /* Release */,
			);
			defaultConfigurationIsVisible = 0;
			defaultConfigurationName = Release;
		};
		8419A82E24473E4D00F580E5 /* Build configuration list for PBXNativeTarget "TestAppTests" */ = {
			isa = XCConfigurationList;
			buildConfigurations = (
				8419A82F24473E4D00F580E5 /* Debug */,
				8419A83024473E4D00F580E5 /* Release */,
			);
			defaultConfigurationIsVisible = 0;
			defaultConfigurationName = Release;
		};
/* End XCConfigurationList section */
	};
	rootObject = 8419A80224473E4900F580E5 /* Project object */;
}
